
Microsoft Visual Studio Solution File, Format Version 12.00
# Visual Studio Version 16
VisualStudioVersion = 16.0.31129.286
MinimumVisualStudioVersion = 10.0.40219.1
Project("{888888A0-9F3D-457C-B088-3A5042F75D52}") = "MatchTextPdf", "MatchTextPdf\MatchTextPdf.pyproj", "{0C9F8CC1-A659-4D57-87B3-64EF424D0076}"
EndProject
Global
	GlobalSection(SolutionConfigurationPlatforms) = preSolution
		Debug|Any CPU = Debug|Any CPU
		Release|Any CPU = Release|Any CPU
	EndGlobalSection
	GlobalSection(ProjectConfigurationPlatforms) = postSolution
		{0C9F8CC1-A659-4D57-87B3-64EF424D0076}.Debug|Any CPU.ActiveCfg = Debug|Any CPU
		{0C9F8CC1-A659-4D57-87B3-64EF424D0076}.Release|Any CPU.ActiveCfg = Release|Any CPU
	EndGlobalSection
	GlobalSection(SolutionProperties) = preSolution
		HideSolutionNode = FALSE
	EndGlobalSection
	GlobalSection(ExtensibilityGlobals) = postSolution
		SolutionGuid = {0591F9C7-7DFC-4D57-BE49-9830961563C8}
	EndGlobalSection
EndGlobal
